<?xml version="1.0" encoding="utf-8"?>
<Project ToolsVersion="4.0" xmlns="http://schemas.microsoft.com/developer/msbuild/2003">
  <ItemGroup>
    <Filter Include="源文件">
      <UniqueIdentifier>{4FC737F1-C7A5-4376-A066-2A32D752A2FF}</UniqueIdentifier>
      <Extensions>cpp;c;cc;cxx;c++;cppm;ixx;def;odl;idl;hpj;bat;asm;asmx</Extensions>
    </Filter>
    <Filter Include="头文件">
      <UniqueIdentifier>{93995380-89BD-4b04-88EB-625FBE52EBFB}</UniqueIdentifier>
      <Extensions>h;hh;hpp;hxx;h++;hm;inl;inc;ipp;xsd</Extensions>
    </Filter>
    <Filter Include="资源文件">
      <UniqueIdentifier>{67DA6AB6-F800-4c08-8B7A-83BB121AAD01}</UniqueIdentifier>
      <Extensions>rc;ico;cur;bmp;dlg;rc2;rct;bin;rgs;gif;jpg;jpeg;jpe;resx;tiff;tif;png;wav;mfcribbon-ms</Extensions>
    </Filter>
  </ItemGroup>
  <ItemGroup>
    <ClCompile Include="53Template.cpp">
      <Filter>源文件</Filter>
    </ClCompile>
    <ClCompile Include="54PileAndStack.cpp">
      <Filter>源文件</Filter>
    </ClCompile>
    <ClCompile Include="55Definecpp.cpp">
      <Filter>源文件</Filter>
    </ClCompile>
    <ClCompile Include="56Auto.cpp">
      <Filter>源文件</Filter>
    </ClCompile>
    <ClCompile Include="34Const.cpp">
      <Filter>源文件</Filter>
    </ClCompile>
    <ClCompile Include="16Pointer.cpp">
      <Filter>源文件</Filter>
    </ClCompile>
    <ClCompile Include="17Reference.cpp">
      <Filter>源文件</Filter>
    </ClCompile>
    <ClCompile Include="57StdArray.cpp">
      <Filter>源文件</Filter>
    </ClCompile>
    <ClCompile Include="58RawFuntionPointer.cpp">
      <Filter>源文件</Filter>
    </ClCompile>
    <ClCompile Include="59Lambda.cpp">
      <Filter>源文件</Filter>
    </ClCompile>
    <ClCompile Include="60UsingStd.cpp">
      <Filter>源文件</Filter>
    </ClCompile>
    <ClCompile Include="61Namespace.cpp">
      <Filter>源文件</Filter>
    </ClCompile>
    <ClCompile Include="62Thread.cpp">
      <Filter>源文件</Filter>
    </ClCompile>
    <ClCompile Include="63Time.cpp">
      <Filter>源文件</Filter>
    </ClCompile>
    <ClCompile Include="64MultidimensionalArray.cpp">
      <Filter>源文件</Filter>
    </ClCompile>
    <ClCompile Include="65Sort.cpp">
      <Filter>源文件</Filter>
    </ClCompile>
    <ClCompile Include="66BypassTtype.cpp">
      <Filter>源文件</Filter>
    </ClCompile>
    <ClCompile Include="67Union.cpp">
      <Filter>源文件</Filter>
    </ClCompile>
    <ClCompile Include="68VirtualDestructor.cpp">
      <Filter>源文件</Filter>
    </ClCompile>
    <ClCompile Include="69TypeConversion.cpp">
      <Filter>源文件</Filter>
    </ClCompile>
    <ClCompile Include="70ConditionsAndOperationBreakpoints.cpp">
      <Filter>源文件</Filter>
    </ClCompile>
    <ClCompile Include="71Safe.cpp">
      <Filter>源文件</Filter>
    </ClCompile>
    <ClCompile Include="44SmartPointer.cpp">
      <Filter>源文件</Filter>
    </ClCompile>
    <ClCompile Include="72Pch.cpp">
      <Filter>源文件</Filter>
    </ClCompile>
    <ClCompile Include="main.cpp">
      <Filter>源文件</Filter>
    </ClCompile>
    <ClCompile Include="73dynamic_cast.cpp">
      <Filter>源文件</Filter>
    </ClCompile>
    <ClCompile Include="74BenchmarkingTest.cpp">
      <Filter>源文件</Filter>
    </ClCompile>
    <ClCompile Include="75StructuredBindings.cpp">
      <Filter>源文件</Filter>
    </ClCompile>
    <ClCompile Include="76Optional.cpp">
      <Filter>源文件</Filter>
    </ClCompile>
    <ClCompile Include="77Variant.cpp">
      <Filter>源文件</Filter>
    </ClCompile>
    <ClCompile Include="78Any.cpp">
      <Filter>源文件</Filter>
    </ClCompile>
    <ClCompile Include="79Async.cpp">
      <Filter>源文件</Filter>
    </ClCompile>
    <ClCompile Include="80String_view.cpp">
      <Filter>源文件</Filter>
    </ClCompile>
    <ClCompile Include="21Static.cpp">
      <Filter>源文件</Filter>
    </ClCompile>
  </ItemGroup>
</Project>